
Microsoft Visual Studio Solution File, Format Version 12.00
# Visual Studio 15
VisualStudioVersion = 15.0.28307.1082
MinimumVisualStudioVersion = 10.0.40219.1
Project("{FAE04EC0-301F-11D3-BF4B-00C04F79EFBC}") = "ConsolaPila", "ConsolaPila\ConsolaPila.csproj", "{611F78E7-FB1D-4CE6-98CA-25E1BC0A87C1}"
EndProject
Project("{FAE04EC0-301F-11D3-BF4B-00C04F79EFBC}") = "ConsolaFactura", "ConsolaFactura\ConsolaFactura.csproj", "{2264BFCB-C4EF-43E0-BD7F-57EAB44D5266}"
EndProject
Project("{FAE04EC0-301F-11D3-BF4B-00C04F79EFBC}") = "ConsolaError", "ConsolaError\ConsolaError.csproj", "{96BF1AA3-A8B4-4CD6-8C9F-01537C4AE74A}"
EndProject
Global
	GlobalSection(SolutionConfigurationPlatforms) = preSolution
		Debug|Any CPU = Debug|Any CPU
		Release|Any CPU = Release|Any CPU
	EndGlobalSection
	GlobalSection(ProjectConfigurationPlatforms) = postSolution
		{611F78E7-FB1D-4CE6-98CA-25E1BC0A87C1}.Debug|Any CPU.ActiveCfg = Debug|Any CPU
		{611F78E7-FB1D-4CE6-98CA-25E1BC0A87C1}.Debug|Any CPU.Build.0 = Debug|Any CPU
		{611F78E7-FB1D-4CE6-98CA-25E1BC0A87C1}.Release|Any CPU.ActiveCfg = Release|Any CPU
		{611F78E7-FB1D-4CE6-98CA-25E1BC0A87C1}.Release|Any CPU.Build.0 = Release|Any CPU
		{2264BFCB-C4EF-43E0-BD7F-57EAB44D5266}.Debug|Any CPU.ActiveCfg = Debug|Any CPU
		{2264BFCB-C4EF-43E0-BD7F-57EAB44D5266}.Debug|Any CPU.Build.0 = Debug|Any CPU
		{2264BFCB-C4EF-43E0-BD7F-57EAB44D5266}.Release|Any CPU.ActiveCfg = Release|Any CPU
		{2264BFCB-C4EF-43E0-BD7F-57EAB44D5266}.Release|Any CPU.Build.0 = Release|Any CPU
		{96BF1AA3-A8B4-4CD6-8C9F-01537C4AE74A}.Debug|Any CPU.ActiveCfg = Debug|Any CPU
		{96BF1AA3-A8B4-4CD6-8C9F-01537C4AE74A}.Debug|Any CPU.Build.0 = Debug|Any CPU
		{96BF1AA3-A8B4-4CD6-8C9F-01537C4AE74A}.Release|Any CPU.ActiveCfg = Release|Any CPU
		{96BF1AA3-A8B4-4CD6-8C9F-01537C4AE74A}.Release|Any CPU.Build.0 = Release|Any CPU
	EndGlobalSection
	GlobalSection(SolutionProperties) = preSolution
		HideSolutionNode = FALSE
	EndGlobalSection
	GlobalSection(ExtensibilityGlobals) = postSolution
		SolutionGuid = {294AD0B7-1B88-4561-8147-AF4C08F1AE56}
	EndGlobalSection
EndGlobal
